<Solution>
  <Folder Name="/clients/" />
  <Folder Name="/clients/Web/">
    <Project Path="clients/Web/WebApp/WebApp.csproj" />
  </Folder>
  <Folder Name="/gateways/">
    <Project Path="gateways/ApiGateway.Tests/ApiGateway.Tests.csproj" />
    <Project Path="gateways/ApiGateway/ApiGateway.csproj" />
  </Folder>
  <Folder Name="/services/" />
  <Folder Name="/services/Groups/">
    <Project Path="services/Groups/Groups.Api/Groups.Api.csproj" />
    <Project Path="services/Groups/Groups.Application.Tests/Groups.Application.Tests.csproj" />
    <Project Path="services/Groups/Groups.Application/Groups.Application.csproj" />
    <Project Path="services/Groups/Groups.Domain.Tests/Groups.Domain.Tests.csproj" />
    <Project Path="services/Groups/Groups.Domain/Groups.Domain.csproj" />
    <Project Path="services/Groups/Groups.Infrastructure/Groups.Infrastructure.csproj" />
  </Folder>
  <Folder Name="/services/Identity/">
    <Project Path="services/Identity/Identity.Api/Identity.Api.csproj" />
    <Project Path="services/Identity/Identity.Application.Tests/Identity.Application.Tests.csproj" />
    <Project Path="services/Identity/Identity.Application/Identity.Application.csproj" />
    <Project Path="services/Identity/Identity.Domain.Tests/Identity.Domain.Tests.csproj" />
    <Project Path="services/Identity/Identity.Domain/Identity.Domain.csproj" />
    <Project Path="services/Identity/Identity.Infrastructure/Identity.Infrastructure.csproj" />
  </Folder>
  <Folder Name="/services/Subscriptions/">
    <Project Path="services/Subscriptions/Subscriptions.Api/Subscriptions.Api.csproj" />
    <Project Path="services/Subscriptions/Subscriptions.Application.Tests/Subscriptions.Application.Tests.csproj" />
    <Project Path="services/Subscriptions/Subscriptions.Application/Subscriptions.Application.csproj" />
    <Project Path="services/Subscriptions/Subscriptions.Domain.Tests/Subscriptions.Domain.Tests.csproj" />
    <Project Path="services/Subscriptions/Subscriptions.Domain/Subscriptions.Domain.csproj" />
    <Project Path="services/Subscriptions/Subscriptions.Infrastructure/Subscriptions.Infrastructure.csproj" />
  </Folder>
  <Folder Name="/services/Payments/">
    <Project Path="services/Payments/Payments.Api/Payments.Api.csproj" />
    <Project Path="services/Payments/Payments.Application.Tests/Payments.Application.Tests.csproj" />
    <Project Path="services/Payments/Payments.Application/Payments.Application.csproj" />
    <Project Path="services/Payments/Payments.Domain.Tests/Payments.Domain.Tests.csproj" />
    <Project Path="services/Payments/Payments.Domain/Payments.Domain.csproj" />
    <Project Path="services/Payments/Payments.Infrastructure/Payments.Infrastructure.csproj" />
  </Folder>
  <Folder Name="/services/Notifications/">
    <Project Path="services/Notifications/Notifications.Api/Notifications.Api.csproj" />
    <Project Path="services/Notifications/Notifications.Application.Tests/Notifications.Application.Tests.csproj" />
    <Project Path="services/Notifications/Notifications.Application/Notifications.Application.csproj" />
    <Project Path="services/Notifications/Notifications.Domain/Notifications.Domain.csproj" />
    <Project Path="services/Notifications/Notifications.Infrastructure/Notifications.Infrastructure.csproj" />
  </Folder>
  <Folder Name="/services/Analytics/">
    <Project Path="services/Analytics/Analytics.Api/Analytics.Api.csproj" />
    <Project Path="services/Analytics/Analytics.Application.Tests/Analytics.Application.Tests.csproj" />
    <Project Path="services/Analytics/Analytics.Application/Analytics.Application.csproj" />
    <Project Path="services/Analytics/Analytics.Domain/Analytics.Domain.csproj" />
    <Project Path="services/Analytics/Analytics.Infrastructure/Analytics.Infrastructure.csproj" />
  </Folder>
  <Folder Name="/shared/" />
  <Folder Name="/shared/SharedKernel/">
    <Project Path="shared/SharedKernel/SharedSubscriptions.SharedKernel/SharedSubscriptions.SharedKernel.csproj" />
  </Folder>
  <Folder Name="/shared/RazorComponents/">
    <Project Path="shared/RazorComponents/SharedUI/SharedUI.csproj" />
  </Folder>
</Solution>
